
Microsoft Visual Studio Solution File, Format Version 12.00
# Visual Studio Version 16
VisualStudioVersion = 16.0.31624.102
MinimumVisualStudioVersion = 10.0.40219.1
Project("{FAE04EC0-301F-11D3-BF4B-00C04F79EFBC}") = "Petrov_Lab_1", "Petrov_Lab_1\Petrov_Lab_1.csproj", "{377DB27E-87FE-4AB0-8942-83CFF97C8A95}"
EndProject
Global
	GlobalSection(SolutionConfigurationPlatforms) = preSolution
		Debug|Any CPU = Debug|Any CPU
		Release|Any CPU = Release|Any CPU
	EndGlobalSection
	GlobalSection(ProjectConfigurationPlatforms) = postSolution
		{377DB27E-87FE-4AB0-8942-83CFF97C8A95}.Debug|Any CPU.ActiveCfg = Debug|Any CPU
		{377DB27E-87FE-4AB0-8942-83CFF97C8A95}.Debug|Any CPU.Build.0 = Debug|Any CPU
		{377DB27E-87FE-4AB0-8942-83CFF97C8A95}.Release|Any CPU.ActiveCfg = Release|Any CPU
		{377DB27E-87FE-4AB0-8942-83CFF97C8A95}.Release|Any CPU.Build.0 = Release|Any CPU
	EndGlobalSection
	GlobalSection(SolutionProperties) = preSolution
		HideSolutionNode = FALSE
	EndGlobalSection
	GlobalSection(ExtensibilityGlobals) = postSolution
		SolutionGuid = {56A19657-27D3-4646-BC23-26C5ED653B4E}
	EndGlobalSection
EndGlobal
